
Microsoft Visual Studio Solution File, Format Version 12.00
# Visual Studio Version 17
VisualStudioVersion = 17.0.32126.317
MinimumVisualStudioVersion = 10.0.40219.1
Project("{FAE04EC0-301F-11D3-BF4B-00C04F79EFBC}") = "GanpatUni_Pro", "GanpatUni_Pro\GanpatUni_Pro.csproj", "{E2163D5D-4ADD-46CE-A76A-B819CC06493B}"
EndProject
Global
	GlobalSection(SolutionConfigurationPlatforms) = preSolution
		Debug|Any CPU = Debug|Any CPU
		Release|Any CPU = Release|Any CPU
	EndGlobalSection
	GlobalSection(ProjectConfigurationPlatforms) = postSolution
		{E2163D5D-4ADD-46CE-A76A-B819CC06493B}.Debug|Any CPU.ActiveCfg = Debug|Any CPU
		{E2163D5D-4ADD-46CE-A76A-B819CC06493B}.Debug|Any CPU.Build.0 = Debug|Any CPU
		{E2163D5D-4ADD-46CE-A76A-B819CC06493B}.Release|Any CPU.ActiveCfg = Release|Any CPU
		{E2163D5D-4ADD-46CE-A76A-B819CC06493B}.Release|Any CPU.Build.0 = Release|Any CPU
	EndGlobalSection
	GlobalSection(SolutionProperties) = preSolution
		HideSolutionNode = FALSE
	EndGlobalSection
	GlobalSection(ExtensibilityGlobals) = postSolution
		SolutionGuid = {86B67068-FDC1-4F89-BEBC-3DA7309C0C7D}
	EndGlobalSection
EndGlobal
